
Microsoft Visual Studio Solution File, Format Version 12.00
# Visual Studio Version 17
VisualStudioVersion = 17.0.31912.275
MinimumVisualStudioVersion = 10.0.40219.1
Project("{9A19103F-16F7-4668-BE54-9A1E7A4F7556}") = "Vektonn.QuickStart", "Vektonn.QuickStart\Vektonn.QuickStart.csproj", "{39226D3B-C9D8-4477-83AA-6B5DFD8F6FB8}"
EndProject
Global
	GlobalSection(SolutionConfigurationPlatforms) = preSolution
		Debug|Any CPU = Debug|Any CPU
		Release|Any CPU = Release|Any CPU
	EndGlobalSection
	GlobalSection(ProjectConfigurationPlatforms) = postSolution
		{39226D3B-C9D8-4477-83AA-6B5DFD8F6FB8}.Debug|Any CPU.ActiveCfg = Debug|Any CPU
		{39226D3B-C9D8-4477-83AA-6B5DFD8F6FB8}.Debug|Any CPU.Build.0 = Debug|Any CPU
		{39226D3B-C9D8-4477-83AA-6B5DFD8F6FB8}.Release|Any CPU.ActiveCfg = Release|Any CPU
		{39226D3B-C9D8-4477-83AA-6B5DFD8F6FB8}.Release|Any CPU.Build.0 = Release|Any CPU
	EndGlobalSection
	GlobalSection(SolutionProperties) = preSolution
		HideSolutionNode = FALSE
	EndGlobalSection
	GlobalSection(ExtensibilityGlobals) = postSolution
		SolutionGuid = {25C0F23D-AD7A-4209-8899-DF72D8F1DDE6}
	EndGlobalSection
EndGlobal
